// !$*UTF8*$!
{
	archiveVersion = 1;
	classes = {
	};
	objectVersion = 46;
	objects = {

/* Begin PBXBuildFile section */
		2D0AF0CE1F03F38400CF3ABC /* AppDelegate.swift in Sources */ = {isa = PBXBuildFile; fileRef = 2D0AF0CD1F03F38400CF3ABC /* AppDelegate.swift */; };
		2D0AF0D01F03F38400CF3ABC /* ViewController.swift in Sources */ = {isa = PBXBuildFile; fileRef = 2D0AF0CF1F03F38400CF3ABC /* ViewController.swift */; };
		2D0AF0D31F03F38400CF3ABC /* Main.storyboard in Resources */ = {isa = PBXBuildFile; fileRef = 2D0AF0D11F03F38400CF3ABC /* Main.storyboard */; };
		2D0AF0D51F03F38400CF3ABC /* Assets.xcassets in Resources */ = {isa = PBXBuildFile; fileRef = 2D0AF0D41F03F38400CF3ABC /* Assets.xcassets */; };
		2D0AF0D81F03F38400CF3ABC /* LaunchScreen.storyboard in Resources */ = {isa = PBXBuildFile; fileRef = 2D0AF0D61F03F38400CF3ABC /* LaunchScreen.storyboard */; };
		2D0AF0E31F03F38400CF3ABC /* PALTests.swift in Sources */ = {isa = PBXBuildFile; fileRef = 2D0AF0E21F03F38400CF3ABC /* PALTests.swift */; };
		2D0AF0EE1F03F38400CF3ABC /* PALUITests.swift in Sources */ = {isa = PBXBuildFile; fileRef = 2D0AF0ED1F03F38400CF3ABC /* PALUITests.swift */; };
		5CFAF9981F05409E00E8E6FD /* SignupViewController.swift in Sources */ = {isa = PBXBuildFile; fileRef = 5CFAF9971F05409E00E8E6FD /* SignupViewController.swift */; };
		5CFAF99B1F05471D00E8E6FD /* LoginViewController.swift in Sources */ = {isa = PBXBuildFile; fileRef = 5CFAF99A1F05471D00E8E6FD /* LoginViewController.swift */; };
		607DD4D149ADC7DE565F3AF7 /* Pods_PALTests.framework in Frameworks */ = {isa = PBXBuildFile; fileRef = 2EED055AE9AE49B756246A96 /* Pods_PALTests.framework */; };
		6E3BBCAD2498484B73010B13 /* Pods_PALUITests.framework in Frameworks */ = {isa = PBXBuildFile; fileRef = 627B859EABD0AC06951FFD69 /* Pods_PALUITests.framework */; };
		84FD22411F1E84F200BF0B6E /* Service.swift in Sources */ = {isa = PBXBuildFile; fileRef = 84FD22401F1E84F200BF0B6E /* Service.swift */; };
		84FD22491F278D7C00BF0B6E /* Counselor_FormVC.swift in Sources */ = {isa = PBXBuildFile; fileRef = 84FD22481F278D7C00BF0B6E /* Counselor_FormVC.swift */; };
		84FD224B1F278ED600BF0B6E /* Student_FormVC.swift in Sources */ = {isa = PBXBuildFile; fileRef = 84FD224A1F278ED600BF0B6E /* Student_FormVC.swift */; };
		84FD224D1F27C11100BF0B6E /* Sweetalert.swift in Sources */ = {isa = PBXBuildFile; fileRef = 84FD224C1F27C11100BF0B6E /* Sweetalert.swift */; };
		881CDBB5FAC01C7CF152678C /* Pods_PAL.framework in Frameworks */ = {isa = PBXBuildFile; fileRef = 805AB4E2CD7ED548BEECB952 /* Pods_PAL.framework */; };
/* End PBXBuildFile section */

/* Begin PBXContainerItemProxy section */
		2D0AF0DF1F03F38400CF3ABC /* PBXContainerItemProxy */ = {
			isa = PBXContainerItemProxy;
			containerPortal = 2D0AF0C21F03F38400CF3ABC /* Project object */;
			proxyType = 1;
			remoteGlobalIDString = 2D0AF0C91F03F38400CF3ABC;
			remoteInfo = PAL;
		};
		2D0AF0EA1F03F38400CF3ABC /* PBXContainerItemProxy */ = {
			isa = PBXContainerItemProxy;
			containerPortal = 2D0AF0C21F03F38400CF3ABC /* Project object */;
			proxyType = 1;
			remoteGlobalIDString = 2D0AF0C91F03F38400CF3ABC;
			remoteInfo = PAL;
		};
/* End PBXContainerItemProxy section */

/* Begin PBXFileReference section */
		03A4164C1B0AC60F6FD6D5DE /* Pods-PAL.release.xcconfig */ = {isa = PBXFileReference; includeInIndex = 1; lastKnownFileType = text.xcconfig; name = "Pods-PAL.release.xcconfig"; path = "Pods/Target Support Files/Pods-PAL/Pods-PAL.release.xcconfig"; sourceTree = "<group>"; };
		2D0AF0CA1F03F38400CF3ABC /* PAL.app */ = {isa = PBXFileReference; explicitFileType = wrapper.application; includeInIndex = 0; path = PAL.app; sourceTree = BUILT_PRODUCTS_DIR; };
		2D0AF0CD1F03F38400CF3ABC /* AppDelegate.swift */ = {isa = PBXFileReference; lastKnownFileType = sourcecode.swift; path = AppDelegate.swift; sourceTree = "<group>"; };
		2D0AF0CF1F03F38400CF3ABC /* ViewController.swift */ = {isa = PBXFileReference; lastKnownFileType = sourcecode.swift; path = ViewController.swift; sourceTree = "<group>"; };
		2D0AF0D21F03F38400CF3ABC /* Base */ = {isa = PBXFileReference; lastKnownFileType = file.storyboard; name = Base; path = Base.lproj/Main.storyboard; sourceTree = "<group>"; };
		2D0AF0D41F03F38400CF3ABC /* Assets.xcassets */ = {isa = PBXFileReference; lastKnownFileType = folder.assetcatalog; path = Assets.xcassets; sourceTree = "<group>"; };
		2D0AF0D71F03F38400CF3ABC /* Base */ = {isa = PBXFileReference; lastKnownFileType = file.storyboard; name = Base; path = Base.lproj/LaunchScreen.storyboard; sourceTree = "<group>"; };
		2D0AF0D91F03F38400CF3ABC /* Info.plist */ = {isa = PBXFileReference; lastKnownFileType = text.plist.xml; path = Info.plist; sourceTree = "<group>"; };
		2D0AF0DE1F03F38400CF3ABC /* PALTests.xctest */ = {isa = PBXFileReference; explicitFileType = wrapper.cfbundle; includeInIndex = 0; path = PALTests.xctest; sourceTree = BUILT_PRODUCTS_DIR; };
		2D0AF0E21F03F38400CF3ABC /* PALTests.swift */ = {isa = PBXFileReference; lastKnownFileType = sourcecode.swift; path = PALTests.swift; sourceTree = "<group>"; };
		2D0AF0E41F03F38400CF3ABC /* Info.plist */ = {isa = PBXFileReference; lastKnownFileType = text.plist.xml; path = Info.plist; sourceTree = "<group>"; };
		2D0AF0E91F03F38400CF3ABC /* PALUITests.xctest */ = {isa = PBXFileReference; explicitFileType = wrapper.cfbundle; includeInIndex = 0; path = PALUITests.xctest; sourceTree = BUILT_PRODUCTS_DIR; };
		2D0AF0ED1F03F38400CF3ABC /* PALUITests.swift */ = {isa = PBXFileReference; lastKnownFileType = sourcecode.swift; path = PALUITests.swift; sourceTree = "<group>"; };
		2D0AF0EF1F03F38400CF3ABC /* Info.plist */ = {isa = PBXFileReference; lastKnownFileType = text.plist.xml; path = Info.plist; sourceTree = "<group>"; };
		2EED055AE9AE49B756246A96 /* Pods_PALTests.framework */ = {isa = PBXFileReference; explicitFileType = wrapper.framework; includeInIndex = 0; path = Pods_PALTests.framework; sourceTree = BUILT_PRODUCTS_DIR; };
		526D8A6E863D5A5377249F4F /* Pods-PALUITests.release.xcconfig */ = {isa = PBXFileReference; includeInIndex = 1; lastKnownFileType = text.xcconfig; name = "Pods-PALUITests.release.xcconfig"; path = "Pods/Target Support Files/Pods-PALUITests/Pods-PALUITests.release.xcconfig"; sourceTree = "<group>"; };
		5CFAF9971F05409E00E8E6FD /* SignupViewController.swift */ = {isa = PBXFileReference; fileEncoding = 4; lastKnownFileType = sourcecode.swift; path = SignupViewController.swift; sourceTree = "<group>"; };
		5CFAF99A1F05471D00E8E6FD /* LoginViewController.swift */ = {isa = PBXFileReference; fileEncoding = 4; lastKnownFileType = sourcecode.swift; path = LoginViewController.swift; sourceTree = "<group>"; };
		627B859EABD0AC06951FFD69 /* Pods_PALUITests.framework */ = {isa = PBXFileReference; explicitFileType = wrapper.framework; includeInIndex = 0; path = Pods_PALUITests.framework; sourceTree = BUILT_PRODUCTS_DIR; };
		670AF5AE7FD8C930130D8560 /* Pods-PALTests.release.xcconfig */ = {isa = PBXFileReference; includeInIndex = 1; lastKnownFileType = text.xcconfig; name = "Pods-PALTests.release.xcconfig"; path = "Pods/Target Support Files/Pods-PALTests/Pods-PALTests.release.xcconfig"; sourceTree = "<group>"; };
		805AB4E2CD7ED548BEECB952 /* Pods_PAL.framework */ = {isa = PBXFileReference; explicitFileType = wrapper.framework; includeInIndex = 0; path = Pods_PAL.framework; sourceTree = BUILT_PRODUCTS_DIR; };
		84FD22401F1E84F200BF0B6E /* Service.swift */ = {isa = PBXFileReference; fileEncoding = 4; lastKnownFileType = sourcecode.swift; path = Service.swift; sourceTree = "<group>"; };
		84FD22481F278D7C00BF0B6E /* Counselor_FormVC.swift */ = {isa = PBXFileReference; fileEncoding = 4; lastKnownFileType = sourcecode.swift; path = Counselor_FormVC.swift; sourceTree = "<group>"; };
		84FD224A1F278ED600BF0B6E /* Student_FormVC.swift */ = {isa = PBXFileReference; fileEncoding = 4; lastKnownFileType = sourcecode.swift; path = Student_FormVC.swift; sourceTree = "<group>"; };
		84FD224C1F27C11100BF0B6E /* Sweetalert.swift */ = {isa = PBXFileReference; fileEncoding = 4; lastKnownFileType = sourcecode.swift; path = Sweetalert.swift; sourceTree = "<group>"; };
		93B91F3BD7F6538F1D037919 /* Pods-PALUITests.debug.xcconfig */ = {isa = PBXFileReference; includeInIndex = 1; lastKnownFileType = text.xcconfig; name = "Pods-PALUITests.debug.xcconfig"; path = "Pods/Target Support Files/Pods-PALUITests/Pods-PALUITests.debug.xcconfig"; sourceTree = "<group>"; };
		963E14E126D715E84E3F054F /* Pods-PALTests.debug.xcconfig */ = {isa = PBXFileReference; includeInIndex = 1; lastKnownFileType = text.xcconfig; name = "Pods-PALTests.debug.xcconfig"; path = "Pods/Target Support Files/Pods-PALTests/Pods-PALTests.debug.xcconfig"; sourceTree = "<group>"; };
		9A1816B2D33B1AAA60CD1AF9 /* Pods-PAL.debug.xcconfig */ = {isa = PBXFileReference; includeInIndex = 1; lastKnownFileType = text.xcconfig; name = "Pods-PAL.debug.xcconfig"; path = "Pods/Target Support Files/Pods-PAL/Pods-PAL.debug.xcconfig"; sourceTree = "<group>"; };
/* End PBXFileReference section */

/* Begin PBXFrameworksBuildPhase section */
		2D0AF0C71F03F38400CF3ABC /* Frameworks */ = {
			isa = PBXFrameworksBuildPhase;
			buildActionMask = 2147483647;
			files = (
				881CDBB5FAC01C7CF152678C /* Pods_PAL.framework in Frameworks */,
			);
			runOnlyForDeploymentPostprocessing = 0;
		};
		2D0AF0DB1F03F38400CF3ABC /* Frameworks */ = {
			isa = PBXFrameworksBuildPhase;
			buildActionMask = 2147483647;
			files = (
				607DD4D149ADC7DE565F3AF7 /* Pods_PALTests.framework in Frameworks */,
			);
			runOnlyForDeploymentPostprocessing = 0;
		};
		2D0AF0E61F03F38400CF3ABC /* Frameworks */ = {
			isa = PBXFrameworksBuildPhase;
			buildActionMask = 2147483647;
			files = (
				6E3BBCAD2498484B73010B13 /* Pods_PALUITests.framework in Frameworks */,
			);
			runOnlyForDeploymentPostprocessing = 0;
		};
/* End PBXFrameworksBuildPhase section */

/* Begin PBXGroup section */
		2D0AF0C11F03F38400CF3ABC = {
			isa = PBXGroup;
			children = (
				2D0AF0CC1F03F38400CF3ABC /* PAL */,
				2D0AF0E11F03F38400CF3ABC /* PALTests */,
				2D0AF0EC1F03F38400CF3ABC /* PALUITests */,
				2D0AF0CB1F03F38400CF3ABC /* Products */,
				DABA626401124479F9FA1105 /* Pods */,
				E9AF77BFB02C24D1A1144B82 /* Frameworks */,
			);
			sourceTree = "<group>";
		};
		2D0AF0CB1F03F38400CF3ABC /* Products */ = {
			isa = PBXGroup;
			children = (
				2D0AF0CA1F03F38400CF3ABC /* PAL.app */,
				2D0AF0DE1F03F38400CF3ABC /* PALTests.xctest */,
				2D0AF0E91F03F38400CF3ABC /* PALUITests.xctest */,
			);
			name = Products;
			sourceTree = "<group>";
		};
		2D0AF0CC1F03F38400CF3ABC /* PAL */ = {
			isa = PBXGroup;
			children = (
				84FD223F1F1E84DA00BF0B6E /* Service */,
				5CFAF9991F05412D00E8E6FD /* Signup */,
				2D0AF0CD1F03F38400CF3ABC /* AppDelegate.swift */,
				2D0AF0CF1F03F38400CF3ABC /* ViewController.swift */,
				84FD22481F278D7C00BF0B6E /* Counselor_FormVC.swift */,
				84FD224A1F278ED600BF0B6E /* Student_FormVC.swift */,
				2D0AF0D11F03F38400CF3ABC /* Main.storyboard */,
				2D0AF0D41F03F38400CF3ABC /* Assets.xcassets */,
				2D0AF0D61F03F38400CF3ABC /* LaunchScreen.storyboard */,
				2D0AF0D91F03F38400CF3ABC /* Info.plist */,
				5CFAF99A1F05471D00E8E6FD /* LoginViewController.swift */,
			);
			path = PAL;
			sourceTree = "<group>";
		};
		2D0AF0E11F03F38400CF3ABC /* PALTests */ = {
			isa = PBXGroup;
			children = (
				2D0AF0E21F03F38400CF3ABC /* PALTests.swift */,
				2D0AF0E41F03F38400CF3ABC /* Info.plist */,
			);
			path = PALTests;
			sourceTree = "<group>";
		};
		2D0AF0EC1F03F38400CF3ABC /* PALUITests */ = {
			isa = PBXGroup;
			children = (
				2D0AF0ED1F03F38400CF3ABC /* PALUITests.swift */,
				2D0AF0EF1F03F38400CF3ABC /* Info.plist */,
			);
			path = PALUITests;
			sourceTree = "<group>";
		};
		5CFAF9991F05412D00E8E6FD /* Signup */ = {
			isa = PBXGroup;
			children = (
				5CFAF9971F05409E00E8E6FD /* SignupViewController.swift */,
			);
			name = Signup;
			sourceTree = "<group>";
		};
		84FD223F1F1E84DA00BF0B6E /* Service */ = {
			isa = PBXGroup;
			children = (
				84FD22401F1E84F200BF0B6E /* Service.swift */,
				84FD224C1F27C11100BF0B6E /* Sweetalert.swift */,
			);
			name = Service;
			sourceTree = "<group>";
		};
		DABA626401124479F9FA1105 /* Pods */ = {
			isa = PBXGroup;
			children = (
				9A1816B2D33B1AAA60CD1AF9 /* Pods-PAL.debug.xcconfig */,
				03A4164C1B0AC60F6FD6D5DE /* Pods-PAL.release.xcconfig */,
				963E14E126D715E84E3F054F /* Pods-PALTests.debug.xcconfig */,
				670AF5AE7FD8C930130D8560 /* Pods-PALTests.release.xcconfig */,
				93B91F3BD7F6538F1D037919 /* Pods-PALUITests.debug.xcconfig */,
				526D8A6E863D5A5377249F4F /* Pods-PALUITests.release.xcconfig */,
			);
			name = Pods;
			sourceTree = "<group>";
		};
		E9AF77BFB02C24D1A1144B82 /* Frameworks */ = {
			isa = PBXGroup;
			children = (
				805AB4E2CD7ED548BEECB952 /* Pods_PAL.framework */,
				2EED055AE9AE49B756246A96 /* Pods_PALTests.framework */,
				627B859EABD0AC06951FFD69 /* Pods_PALUITests.framework */,
			);
			name = Frameworks;
			sourceTree = "<group>";
		};
/* End PBXGroup section */

/* Begin PBXNativeTarget section */
		2D0AF0C91F03F38400CF3ABC /* PAL */ = {
			isa = PBXNativeTarget;
			buildConfigurationList = 2D0AF0F21F03F38400CF3ABC /* Build configuration list for PBXNativeTarget "PAL" */;
			buildPhases = (
				17727981B14356420E7E51F1 /* [CP] Check Pods Manifest.lock */,
				2D0AF0C61F03F38400CF3ABC /* Sources */,
				2D0AF0C71F03F38400CF3ABC /* Frameworks */,
				2D0AF0C81F03F38400CF3ABC /* Resources */,
				68AFBE520468D771F3A53941 /* [CP] Embed Pods Frameworks */,
				14C60595C2A070B3A2812369 /* [CP] Copy Pods Resources */,
			);
			buildRules = (
			);
			dependencies = (
			);
			name = PAL;
			productName = PAL;
			productReference = 2D0AF0CA1F03F38400CF3ABC /* PAL.app */;
			productType = "com.apple.product-type.application";
		};
		2D0AF0DD1F03F38400CF3ABC /* PALTests */ = {
			isa = PBXNativeTarget;
			buildConfigurationList = 2D0AF0F51F03F38400CF3ABC /* Build configuration list for PBXNativeTarget "PALTests" */;
			buildPhases = (
				7F20975AFF57D57016EDD936 /* [CP] Check Pods Manifest.lock */,
				2D0AF0DA1F03F38400CF3ABC /* Sources */,
				2D0AF0DB1F03F38400CF3ABC /* Frameworks */,
				2D0AF0DC1F03F38400CF3ABC /* Resources */,
				5AB1C46B97AED0C8D5C6C310 /* [CP] Embed Pods Frameworks */,
				0F3CF4B5F16A59535742313F /* [CP] Copy Pods Resources */,
			);
			buildRules = (
			);
			dependencies = (
				2D0AF0E01F03F38400CF3ABC /* PBXTargetDependency */,
			);
			name = PALTests;
			productName = PALTests;
			productReference = 2D0AF0DE1F03F38400CF3ABC /* PALTests.xctest */;
			productType = "com.apple.product-type.bundle.unit-test";
		};
		2D0AF0E81F03F38400CF3ABC /* PALUITests */ = {
			isa = PBXNativeTarget;
			buildConfigurationList = 2D0AF0F81F03F38400CF3ABC /* Build configuration list for PBXNativeTarget "PALUITests" */;
			buildPhases = (
				2A095271E9CCBA5B23003908 /* [CP] Check Pods Manifest.lock */,
				2D0AF0E51F03F38400CF3ABC /* Sources */,
				2D0AF0E61F03F38400CF3ABC /* Frameworks */,
				2D0AF0E71F03F38400CF3ABC /* Resources */,
				1B919A35E7C7EFF4C28FB973 /* [CP] Embed Pods Frameworks */,
				F8E5CC63A9A223FCF2AD76EB /* [CP] Copy Pods Resources */,
			);
			buildRules = (
			);
			dependencies = (
				2D0AF0EB1F03F38400CF3ABC /* PBXTargetDependency */,
			);
			name = PALUITests;
			productName = PALUITests;
			productReference = 2D0AF0E91F03F38400CF3ABC /* PALUITests.xctest */;
			productType = "com.apple.product-type.bundle.ui-testing";
		};
/* End PBXNativeTarget section */

/* Begin PBXProject section */
		2D0AF0C21F03F38400CF3ABC /* Project object */ = {
			isa = PBXProject;
			attributes = {
				LastSwiftUpdateCheck = 0830;
				LastUpgradeCheck = 0830;
				ORGANIZATIONNAME = "Priyanka Shah";
				TargetAttributes = {
					2D0AF0C91F03F38400CF3ABC = {
						CreatedOnToolsVersion = 8.3.3;
						DevelopmentTeam = JEY4S5488X;
						ProvisioningStyle = Automatic;
					};
					2D0AF0DD1F03F38400CF3ABC = {
						CreatedOnToolsVersion = 8.3.3;
						ProvisioningStyle = Automatic;
						TestTargetID = 2D0AF0C91F03F38400CF3ABC;
					};
					2D0AF0E81F03F38400CF3ABC = {
						CreatedOnToolsVersion = 8.3.3;
						ProvisioningStyle = Automatic;
						TestTargetID = 2D0AF0C91F03F38400CF3ABC;
					};
				};
			};
			buildConfigurationList = 2D0AF0C51F03F38400CF3ABC /* Build configuration list for PBXProject "PAL" */;
			compatibilityVersion = "Xcode 3.2";
			developmentRegion = English;
			hasScannedForEncodings = 0;
			knownRegions = (
				en,
				Base,
			);
			mainGroup = 2D0AF0C11F03F38400CF3ABC;
			productRefGroup = 2D0AF0CB1F03F38400CF3ABC /* Products */;
			projectDirPath = "";
			projectRoot = "";
			targets = (
				2D0AF0C91F03F38400CF3ABC /* PAL */,
				2D0AF0DD1F03F38400CF3ABC /* PALTests */,
				2D0AF0E81F03F38400CF3ABC /* PALUITests */,
			);
		};
/* End PBXProject section */

/* Begin PBXResourcesBuildPhase section */
		2D0AF0C81F03F38400CF3ABC /* Resources */ = {
			isa = PBXResourcesBuildPhase;
			buildActionMask = 2147483647;
			files = (
				2D0AF0D81F03F38400CF3ABC /* LaunchScreen.storyboard in Resources */,
				2D0AF0D51F03F38400CF3ABC /* Assets.xcassets in Resources */,
				2D0AF0D31F03F38400CF3ABC /* Main.storyboard in Resources */,
			);
			runOnlyForDeploymentPostprocessing = 0;
		};
		2D0AF0DC1F03F38400CF3ABC /* Resources */ = {
			isa = PBXResourcesBuildPhase;
			buildActionMask = 2147483647;
			files = (
			);
			runOnlyForDeploymentPostprocessing = 0;
		};
		2D0AF0E71F03F38400CF3ABC /* Resources */ = {
			isa = PBXResourcesBuildPhase;
			buildActionMask = 2147483647;
			files = (
			);
			runOnlyForDeploymentPostprocessing = 0;
		};
/* End PBXResourcesBuildPhase section */

/* Begin PBXShellScriptBuildPhase section */
		0F3CF4B5F16A59535742313F /* [CP] Copy Pods Resources */ = {
			isa = PBXShellScriptBuildPhase;
			buildActionMask = 2147483647;
			files = (
			);
			inputPaths = (
			);
			name = "[CP] Copy Pods Resources";
			outputPaths = (
			);
			runOnlyForDeploymentPostprocessing = 0;
			shellPath = /bin/sh;
			shellScript = "\"${SRCROOT}/Pods/Target Support Files/Pods-PALTests/Pods-PALTests-resources.sh\"\n";
			showEnvVarsInLog = 0;
		};
		14C60595C2A070B3A2812369 /* [CP] Copy Pods Resources */ = {
			isa = PBXShellScriptBuildPhase;
			buildActionMask = 2147483647;
			files = (
			);
			inputPaths = (
			);
			name = "[CP] Copy Pods Resources";
			outputPaths = (
			);
			runOnlyForDeploymentPostprocessing = 0;
			shellPath = /bin/sh;
			shellScript = "\"${SRCROOT}/Pods/Target Support Files/Pods-PAL/Pods-PAL-resources.sh\"\n";
			showEnvVarsInLog = 0;
		};
		17727981B14356420E7E51F1 /* [CP] Check Pods Manifest.lock */ = {
			isa = PBXShellScriptBuildPhase;
			buildActionMask = 2147483647;
			files = (
			);
			inputPaths = (
			);
			name = "[CP] Check Pods Manifest.lock";
			outputPaths = (
			);
			runOnlyForDeploymentPostprocessing = 0;
			shellPath = /bin/sh;
			shellScript = "diff \"${PODS_PODFILE_DIR_PATH}/Podfile.lock\" \"${PODS_ROOT}/Manifest.lock\" > /dev/null\nif [ $? != 0 ] ; then\n    # print error to STDERR\n    echo \"error: The sandbox is not in sync with the Podfile.lock. Run 'pod install' or update your CocoaPods installation.\" >&2\n    exit 1\nfi\n";
			showEnvVarsInLog = 0;
		};
		1B919A35E7C7EFF4C28FB973 /* [CP] Embed Pods Frameworks */ = {
			isa = PBXShellScriptBuildPhase;
			buildActionMask = 2147483647;
			files = (
			);
			inputPaths = (
			);
			name = "[CP] Embed Pods Frameworks";
			outputPaths = (
			);
			runOnlyForDeploymentPostprocessing = 0;
			shellPath = /bin/sh;
			shellScript = "\"${SRCROOT}/Pods/Target Support Files/Pods-PALUITests/Pods-PALUITests-frameworks.sh\"\n";
			showEnvVarsInLog = 0;
		};
		2A095271E9CCBA5B23003908 /* [CP] Check Pods Manifest.lock */ = {
			isa = PBXShellScriptBuildPhase;
			buildActionMask = 2147483647;
			files = (
			);
			inputPaths = (
			);
			name = "[CP] Check Pods Manifest.lock";
			outputPaths = (
			);
			runOnlyForDeploymentPostprocessing = 0;
			shellPath = /bin/sh;
			shellScript = "diff \"${PODS_PODFILE_DIR_PATH}/Podfile.lock\" \"${PODS_ROOT}/Manifest.lock\" > /dev/null\nif [ $? != 0 ] ; then\n    # print error to STDERR\n    echo \"error: The sandbox is not in sync with the Podfile.lock. Run 'pod install' or update your CocoaPods installation.\" >&2\n    exit 1\nfi\n";
			showEnvVarsInLog = 0;
		};
		5AB1C46B97AED0C8D5C6C310 /* [CP] Embed Pods Frameworks */ = {
			isa = PBXShellScriptBuildPhase;
			buildActionMask = 2147483647;
			files = (
			);
			inputPaths = (
			);
			name = "[CP] Embed Pods Frameworks";
			outputPaths = (
			);
			runOnlyForDeploymentPostprocessing = 0;
			shellPath = /bin/sh;
			shellScript = "\"${SRCROOT}/Pods/Target Support Files/Pods-PALTests/Pods-PALTests-frameworks.sh\"\n";
			showEnvVarsInLog = 0;
		};
		68AFBE520468D771F3A53941 /* [CP] Embed Pods Frameworks */ = {
			isa = PBXShellScriptBuildPhase;
			buildActionMask = 2147483647;
			files = (
			);
			inputPaths = (
			);
			name = "[CP] Embed Pods Frameworks";
			outputPaths = (
			);
			runOnlyForDeploymentPostprocessing = 0;
			shellPath = /bin/sh;
			shellScript = "\"${SRCROOT}/Pods/Target Support Files/Pods-PAL/Pods-PAL-frameworks.sh\"\n";
			showEnvVarsInLog = 0;
		};
		7F20975AFF57D57016EDD936 /* [CP] Check Pods Manifest.lock */ = {
			isa = PBXShellScriptBuildPhase;
			buildActionMask = 2147483647;
			files = (
			);
			inputPaths = (
			);
			name = "[CP] Check Pods Manifest.lock";
			outputPaths = (
			);
			runOnlyForDeploymentPostprocessing = 0;
			shellPath = /bin/sh;
			shellScript = "diff \"${PODS_PODFILE_DIR_PATH}/Podfile.lock\" \"${PODS_ROOT}/Manifest.lock\" > /dev/null\nif [ $? != 0 ] ; then\n    # print error to STDERR\n    echo \"error: The sandbox is not in sync with the Podfile.lock. Run 'pod install' or update your CocoaPods installation.\" >&2\n    exit 1\nfi\n";
			showEnvVarsInLog = 0;
		};
		F8E5CC63A9A223FCF2AD76EB /* [CP] Copy Pods Resources */ = {
			isa = PBXShellScriptBuildPhase;
			buildActionMask = 2147483647;
			files = (
			);
			inputPaths = (
			);
			name = "[CP] Copy Pods Resources";
			outputPaths = (
			);
			runOnlyForDeploymentPostprocessing = 0;
			shellPath = /bin/sh;
			shellScript = "\"${SRCROOT}/Pods/Target Support Files/Pods-PALUITests/Pods-PALUITests-resources.sh\"\n";
			showEnvVarsInLog = 0;
		};
/* End PBXShellScriptBuildPhase section */

/* Begin PBXSourcesBuildPhase section */
		2D0AF0C61F03F38400CF3ABC /* Sources */ = {
			isa = PBXSourcesBuildPhase;
			buildActionMask = 2147483647;
			files = (
				5CFAF99B1F05471D00E8E6FD /* LoginViewController.swift in Sources */,
				84FD22491F278D7C00BF0B6E /* Counselor_FormVC.swift in Sources */,
				5CFAF9981F05409E00E8E6FD /* SignupViewController.swift in Sources */,
				84FD224D1F27C11100BF0B6E /* Sweetalert.swift in Sources */,
				84FD22411F1E84F200BF0B6E /* Service.swift in Sources */,
				2D0AF0D01F03F38400CF3ABC /* ViewController.swift in Sources */,
				84FD224B1F278ED600BF0B6E /* Student_FormVC.swift in Sources */,
				2D0AF0CE1F03F38400CF3ABC /* AppDelegate.swift in Sources */,
			);
			runOnlyForDeploymentPostprocessing = 0;
		};
		2D0AF0DA1F03F38400CF3ABC /* Sources */ = {
			isa = PBXSourcesBuildPhase;
			buildActionMask = 2147483647;
			files = (
				2D0AF0E31F03F38400CF3ABC /* PALTests.swift in Sources */,
			);
			runOnlyForDeploymentPostprocessing = 0;
		};
		2D0AF0E51F03F38400CF3ABC /* Sources */ = {
			isa = PBXSourcesBuildPhase;
			buildActionMask = 2147483647;
			files = (
				2D0AF0EE1F03F38400CF3ABC /* PALUITests.swift in Sources */,
			);
			runOnlyForDeploymentPostprocessing = 0;
		};
/* End PBXSourcesBuildPhase section */

/* Begin PBXTargetDependency section */
		2D0AF0E01F03F38400CF3ABC /* PBXTargetDependency */ = {
			isa = PBXTargetDependency;
			target = 2D0AF0C91F03F38400CF3ABC /* PAL */;
			targetProxy = 2D0AF0DF1F03F38400CF3ABC /* PBXContainerItemProxy */;
		};
		2D0AF0EB1F03F38400CF3ABC /* PBXTargetDependency */ = {
			isa = PBXTargetDependency;
			target = 2D0AF0C91F03F38400CF3ABC /* PAL */;
			targetProxy = 2D0AF0EA1F03F38400CF3ABC /* PBXContainerItemProxy */;
		};
/* End PBXTargetDependency section */

/* Begin PBXVariantGroup section */
		2D0AF0D11F03F38400CF3ABC /* Main.storyboard */ = {
			isa = PBXVariantGroup;
			children = (
				2D0AF0D21F03F38400CF3ABC /* Base */,
			);
			name = Main.storyboard;
			sourceTree = "<group>";
		};
		2D0AF0D61F03F38400CF3ABC /* LaunchScreen.storyboard */ = {
			isa = PBXVariantGroup;
			children = (
				2D0AF0D71F03F38400CF3ABC /* Base */,
			);
			name = LaunchScreen.storyboard;
			sourceTree = "<group>";
		};
/* End PBXVariantGroup section */

/* Begin XCBuildConfiguration section */
		2D0AF0F01F03F38400CF3ABC /* Debug */ = {
			isa = XCBuildConfiguration;
			buildSettings = {
				ALWAYS_SEARCH_USER_PATHS = NO;
				CLANG_ANALYZER_NONNULL = YES;
				CLANG_ANALYZER_NUMBER_OBJECT_CONVERSION = YES_AGGRESSIVE;
				CLANG_CXX_LANGUAGE_STANDARD = "gnu++0x";
				CLANG_CXX_LIBRARY = "libc++";
				CLANG_ENABLE_MODULES = YES;
				CLANG_ENABLE_OBJC_ARC = YES;
				CLANG_WARN_BOOL_CONVERSION = YES;
				CLANG_WARN_CONSTANT_CONVERSION = YES;
				CLANG_WARN_DIRECT_OBJC_ISA_USAGE = YES_ERROR;
				CLANG_WARN_DOCUMENTATION_COMMENTS = YES;
				CLANG_WARN_EMPTY_BODY = YES;
				CLANG_WARN_ENUM_CONVERSION = YES;
				CLANG_WARN_INFINITE_RECURSION = YES;
				CLANG_WARN_INT_CONVERSION = YES;
				CLANG_WARN_OBJC_ROOT_CLASS = YES_ERROR;
				CLANG_WARN_SUSPICIOUS_MOVE = YES;
				CLANG_WARN_UNREACHABLE_CODE = YES;
				CLANG_WARN__DUPLICATE_METHOD_MATCH = YES;
				"CODE_SIGN_IDENTITY[sdk=iphoneos*]" = "iPhone Developer";
				COPY_PHASE_STRIP = NO;
				DEBUG_INFORMATION_FORMAT = dwarf;
				ENABLE_STRICT_OBJC_MSGSEND = YES;
				ENABLE_TESTABILITY = YES;
				GCC_C_LANGUAGE_STANDARD = gnu99;
				GCC_DYNAMIC_NO_PIC = NO;
				GCC_NO_COMMON_BLOCKS = YES;
				GCC_OPTIMIZATION_LEVEL = 0;
				GCC_PREPROCESSOR_DEFINITIONS = (
					"DEBUG=1",
					"$(inherited)",
				);
				GCC_WARN_64_TO_32_BIT_CONVERSION = YES;
				GCC_WARN_ABOUT_RETURN_TYPE = YES_ERROR;
				GCC_WARN_UNDECLARED_SELECTOR = YES;
				GCC_WARN_UNINITIALIZED_AUTOS = YES_AGGRESSIVE;
				GCC_WARN_UNUSED_FUNCTION = YES;
				GCC_WARN_UNUSED_VARIABLE = YES;
				IPHONEOS_DEPLOYMENT_TARGET = 10.3;
				MTL_ENABLE_DEBUG_INFO = YES;
				ONLY_ACTIVE_ARCH = YES;
				SDKROOT = iphoneos;
				SWIFT_ACTIVE_COMPILATION_CONDITIONS = DEBUG;
				SWIFT_OPTIMIZATION_LEVEL = "-Onone";
			};
			name = Debug;
		};
		2D0AF0F11F03F38400CF3ABC /* Release */ = {
			isa = XCBuildConfiguration;
			buildSettings = {
				ALWAYS_SEARCH_USER_PATHS = NO;
				CLANG_ANALYZER_NONNULL = YES;
				CLANG_ANALYZER_NUMBER_OBJECT_CONVERSION = YES_AGGRESSIVE;
				CLANG_CXX_LANGUAGE_STANDARD = "gnu++0x";
				CLANG_CXX_LIBRARY = "libc++";
				CLANG_ENABLE_MODULES = YES;
				CLANG_ENABLE_OBJC_ARC = YES;
				CLANG_WARN_BOOL_CONVERSION = YES;
				CLANG_WARN_CONSTANT_CONVERSION = YES;
				CLANG_WARN_DIRECT_OBJC_ISA_USAGE = YES_ERROR;
				CLANG_WARN_DOCUMENTATION_COMMENTS = YES;
				CLANG_WARN_EMPTY_BODY = YES;
				CLANG_WARN_ENUM_CONVERSION = YES;
				CLANG_WARN_INFINITE_RECURSION = YES;
				CLANG_WARN_INT_CONVERSION = YES;
				CLANG_WARN_OBJC_ROOT_CLASS = YES_ERROR;
				CLANG_WARN_SUSPICIOUS_MOVE = YES;
				CLANG_WARN_UNREACHABLE_CODE = YES;
				CLANG_WARN__DUPLICATE_METHOD_MATCH = YES;
				"CODE_SIGN_IDENTITY[sdk=iphoneos*]" = "iPhone Developer";
				COPY_PHASE_STRIP = NO;
				DEBUG_INFORMATION_FORMAT = "dwarf-with-dsym";
				ENABLE_NS_ASSERTIONS = NO;
				ENABLE_STRICT_OBJC_MSGSEND = YES;
				GCC_C_LANGUAGE_STANDARD = gnu99;
				GCC_NO_COMMON_BLOCKS = YES;
				GCC_WARN_64_TO_32_BIT_CONVERSION = YES;
				GCC_WARN_ABOUT_RETURN_TYPE = YES_ERROR;
				GCC_WARN_UNDECLARED_SELECTOR = YES;
				GCC_WARN_UNINITIALIZED_AUTOS = YES_AGGRESSIVE;
				GCC_WARN_UNUSED_FUNCTION = YES;
				GCC_WARN_UNUSED_VARIABLE = YES;
				IPHONEOS_DEPLOYMENT_TARGET = 10.3;
				MTL_ENABLE_DEBUG_INFO = NO;
				SDKROOT = iphoneos;
				SWIFT_OPTIMIZATION_LEVEL = "-Owholemodule";
				VALIDATE_PRODUCT = YES;
			};
			name = Release;
		};
		2D0AF0F31F03F38400CF3ABC /* Debug */ = {
			isa = XCBuildConfiguration;
			baseConfigurationReference = 9A1816B2D33B1AAA60CD1AF9 /* Pods-PAL.debug.xcconfig */;
			buildSettings = {
				ASSETCATALOG_COMPILER_APPICON_NAME = AppIcon;
				"CODE_SIGN_IDENTITY[sdk=iphoneos*]" = "iPhone Developer";
				DEVELOPMENT_TEAM = JEY4S5488X;
				INFOPLIST_FILE = PAL/Info.plist;
				IPHONEOS_DEPLOYMENT_TARGET = 10.3;
				LD_RUNPATH_SEARCH_PATHS = "$(inherited) @executable_path/Frameworks";
				PRODUCT_BUNDLE_IDENTIFIER = NJCU.PAL;
				PRODUCT_NAME = "$(TARGET_NAME)";
				PROVISIONING_PROFILE_SPECIFIER = "";
				SWIFT_VERSION = 3.0;
				TARGETED_DEVICE_FAMILY = 1;
			};
			name = Debug;
		};
		2D0AF0F41F03F38400CF3ABC /* Release */ = {
			isa = XCBuildConfiguration;
			baseConfigurationReference = 03A4164C1B0AC60F6FD6D5DE /* Pods-PAL.release.xcconfig */;
			buildSettings = {
				ASSETCATALOG_COMPILER_APPICON_NAME = AppIcon;
				"CODE_SIGN_IDENTITY[sdk=iphoneos*]" = "iPhone Developer";
				DEVELOPMENT_TEAM = JEY4S5488X;
				INFOPLIST_FILE = PAL/Info.plist;
				IPHONEOS_DEPLOYMENT_TARGET = 10.3;
				LD_RUNPATH_SEARCH_PATHS = "$(inherited) @executable_path/Frameworks";
				PRODUCT_BUNDLE_IDENTIFIER = NJCU.PAL;
				PRODUCT_NAME = "$(TARGET_NAME)";
				PROVISIONING_PROFILE_SPECIFIER = "";
				SWIFT_VERSION = 3.0;
				TARGETED_DEVICE_FAMILY = 1;
			};
			name = Release;
		};
		2D0AF0F61F03F38400CF3ABC /* Debug */ = {
			isa = XCBuildConfiguration;
			baseConfigurationReference = 963E14E126D715E84E3F054F /* Pods-PALTests.debug.xcconfig */;
			buildSettings = {
				ALWAYS_EMBED_SWIFT_STANDARD_LIBRARIES = YES;
				BUNDLE_LOADER = "$(TEST_HOST)";
				INFOPLIST_FILE = PALTests/Info.plist;
				LD_RUNPATH_SEARCH_PATHS = "$(inherited) @executable_path/Frameworks @loader_path/Frameworks";
				PRODUCT_BUNDLE_IDENTIFIER = NJCU.PALTests;
				PRODUCT_NAME = "$(TARGET_NAME)";
				SWIFT_VERSION = 3.0;
				TEST_HOST = "$(BUILT_PRODUCTS_DIR)/PAL.app/PAL";
			};
			name = Debug;
		};
		2D0AF0F71F03F38400CF3ABC /* Release */ = {
			isa = XCBuildConfiguration;
			baseConfigurationReference = 670AF5AE7FD8C930130D8560 /* Pods-PALTests.release.xcconfig */;
			buildSettings = {
				ALWAYS_EMBED_SWIFT_STANDARD_LIBRARIES = YES;
				BUNDLE_LOADER = "$(TEST_HOST)";
				INFOPLIST_FILE = PALTests/Info.plist;
				LD_RUNPATH_SEARCH_PATHS = "$(inherited) @executable_path/Frameworks @loader_path/Frameworks";
				PRODUCT_BUNDLE_IDENTIFIER = NJCU.PALTests;
				PRODUCT_NAME = "$(TARGET_NAME)";
				SWIFT_VERSION = 3.0;
				TEST_HOST = "$(BUILT_PRODUCTS_DIR)/PAL.app/PAL";
			};
			name = Release;
		};
		2D0AF0F91F03F38400CF3ABC /* Debug */ = {
			isa = XCBuildConfiguration;
			baseConfigurationReference = 93B91F3BD7F6538F1D037919 /* Pods-PALUITests.debug.xcconfig */;
			buildSettings = {
				ALWAYS_EMBED_SWIFT_STANDARD_LIBRARIES = YES;
				INFOPLIST_FILE = PALUITests/Info.plist;
				LD_RUNPATH_SEARCH_PATHS = "$(inherited) @executable_path/Frameworks @loader_path/Frameworks";
				PRODUCT_BUNDLE_IDENTIFIER = NJCU.PALUITests;
				PRODUCT_NAME = "$(TARGET_NAME)";
				SWIFT_VERSION = 3.0;
				TEST_TARGET_NAME = PAL;
			};
			name = Debug;
		};
		2D0AF0FA1F03F38400CF3ABC /* Release */ = {
			isa = XCBuildConfiguration;
			baseConfigurationReference = 526D8A6E863D5A5377249F4F /* Pods-PALUITests.release.xcconfig */;
			buildSettings = {
				ALWAYS_EMBED_SWIFT_STANDARD_LIBRARIES = YES;
				INFOPLIST_FILE = PALUITests/Info.plist;
				LD_RUNPATH_SEARCH_PATHS = "$(inherited) @executable_path/Frameworks @loader_path/Frameworks";
				PRODUCT_BUNDLE_IDENTIFIER = NJCU.PALUITests;
				PRODUCT_NAME = "$(TARGET_NAME)";
				SWIFT_VERSION = 3.0;
				TEST_TARGET_NAME = PAL;
			};
			name = Release;
		};
/* End XCBuildConfiguration section */

/* Begin XCConfigurationList section */
		2D0AF0C51F03F38400CF3ABC /* Build configuration list for PBXProject "PAL" */ = {
			isa = XCConfigurationList;
			buildConfigurations = (
				2D0AF0F01F03F38400CF3ABC /* Debug */,
				2D0AF0F11F03F38400CF3ABC /* Release */,
			);
			defaultConfigurationIsVisible = 0;
			defaultConfigurationName = Release;
		};
		2D0AF0F21F03F38400CF3ABC /* Build configuration list for PBXNativeTarget "PAL" */ = {
			isa = XCConfigurationList;
			buildConfigurations = (
				2D0AF0F31F03F38400CF3ABC /* Debug */,
				2D0AF0F41F03F38400CF3ABC /* Release */,
			);
			defaultConfigurationIsVisible = 0;
			defaultConfigurationName = Release;
		};
		2D0AF0F51F03F38400CF3ABC /* Build configuration list for PBXNativeTarget "PALTests" */ = {
			isa = XCConfigurationList;
			buildConfigurations = (
				2D0AF0F61F03F38400CF3ABC /* Debug */,
				2D0AF0F71F03F38400CF3ABC /* Release */,
			);
			defaultConfigurationIsVisible = 0;
			defaultConfigurationName = Release;
		};
		2D0AF0F81F03F38400CF3ABC /* Build configuration list for PBXNativeTarget "PALUITests" */ = {
			isa = XCConfigurationList;
			buildConfigurations = (
				2D0AF0F91F03F38400CF3ABC /* Debug */,
				2D0AF0FA1F03F38400CF3ABC /* Release */,
			);
			defaultConfigurationIsVisible = 0;
			defaultConfigurationName = Release;
		};
/* End XCConfigurationList section */
	};
	rootObject = 2D0AF0C21F03F38400CF3ABC /* Project object */;
}
